
Microsoft Visual Studio Solution File, Format Version 12.00
# Visual Studio Version 17
VisualStudioVersion = 17.5.33516.290
MinimumVisualStudioVersion = 10.0.40219.1
Project("{9A19103F-16F7-4668-BE54-9A1E7A4F7556}") = "Axxes.Carpool.Api", "Axxes.Carpool.Api\Axxes.Carpool.Api.csproj", "{06A74A48-B4F1-4E21-B78C-163C11B33E93}"
EndProject
Project("{9A19103F-16F7-4668-BE54-9A1E7A4F7556}") = "Axxes.Carpool.Contracts", "Axxes.Carpool.Contracts\Axxes.Carpool.Contracts.csproj", "{C5371577-EA41-4D9B-82E9-4B9941902DE3}"
EndProject
Project("{FAE04EC0-301F-11D3-BF4B-00C04F79EFBC}") = "Axxes.Carpool.Tests", "Axxes.Carpool.Tests\Axxes.Carpool.Tests.csproj", "{C909F483-697E-42EA-9A44-B06B4D6669C4}"
EndProject
Global
	GlobalSection(SolutionConfigurationPlatforms) = preSolution
		Debug|Any CPU = Debug|Any CPU
		Release|Any CPU = Release|Any CPU
	EndGlobalSection
	GlobalSection(ProjectConfigurationPlatforms) = postSolution
		{06A74A48-B4F1-4E21-B78C-163C11B33E93}.Debug|Any CPU.ActiveCfg = Debug|Any CPU
		{06A74A48-B4F1-4E21-B78C-163C11B33E93}.Debug|Any CPU.Build.0 = Debug|Any CPU
		{06A74A48-B4F1-4E21-B78C-163C11B33E93}.Release|Any CPU.ActiveCfg = Release|Any CPU
		{06A74A48-B4F1-4E21-B78C-163C11B33E93}.Release|Any CPU.Build.0 = Release|Any CPU
		{C5371577-EA41-4D9B-82E9-4B9941902DE3}.Debug|Any CPU.ActiveCfg = Debug|Any CPU
		{C5371577-EA41-4D9B-82E9-4B9941902DE3}.Debug|Any CPU.Build.0 = Debug|Any CPU
		{C5371577-EA41-4D9B-82E9-4B9941902DE3}.Release|Any CPU.ActiveCfg = Release|Any CPU
		{C5371577-EA41-4D9B-82E9-4B9941902DE3}.Release|Any CPU.Build.0 = Release|Any CPU
		{C909F483-697E-42EA-9A44-B06B4D6669C4}.Debug|Any CPU.ActiveCfg = Debug|Any CPU
		{C909F483-697E-42EA-9A44-B06B4D6669C4}.Debug|Any CPU.Build.0 = Debug|Any CPU
		{C909F483-697E-42EA-9A44-B06B4D6669C4}.Release|Any CPU.ActiveCfg = Release|Any CPU
		{C909F483-697E-42EA-9A44-B06B4D6669C4}.Release|Any CPU.Build.0 = Release|Any CPU
	EndGlobalSection
	GlobalSection(SolutionProperties) = preSolution
		HideSolutionNode = FALSE
	EndGlobalSection
	GlobalSection(ExtensibilityGlobals) = postSolution
		SolutionGuid = {E8976546-A59F-4AB9-9F03-71AFD771280E}
	EndGlobalSection
EndGlobal
